// !$*UTF8*$!
{
	archiveVersion = 1;
	classes = {
	};
	objectVersion = 56;
	objects = {

/* Begin PBXBuildFile section */
		D8022E1A2BE0931D00906C74 /* GOnboardingModel.swift in Sources */ = {isa = PBXBuildFile; fileRef = D8022E192BE0931D00906C74 /* GOnboardingModel.swift */; };
		D8022E1D2BE0981D00906C74 /* OReporterController.swift in Sources */ = {isa = PBXBuildFile; fileRef = D8022E1C2BE0981D00906C74 /* OReporterController.swift */; };
		D828E9962BE0277C00D06830 /* GLicenseManager.swift in Sources */ = {isa = PBXBuildFile; fileRef = D828E9952BE0277C00D06830 /* GLicenseManager.swift */; };
		D8521FCC2BCEDDDB00C1D8FB /* GnomeApp.swift in Sources */ = {isa = PBXBuildFile; fileRef = D8521FCB2BCEDDDB00C1D8FB /* GnomeApp.swift */; };
		D8521FCE2BCEDDDB00C1D8FB /* ContentView.swift in Sources */ = {isa = PBXBuildFile; fileRef = D8521FCD2BCEDDDB00C1D8FB /* ContentView.swift */; };
		D8521FD02BCEDDE300C1D8FB /* Assets.xcassets in Resources */ = {isa = PBXBuildFile; fileRef = D8521FCF2BCEDDE300C1D8FB /* Assets.xcassets */; };
		D8521FD32BCEDDE300C1D8FB /* Preview Assets.xcassets in Resources */ = {isa = PBXBuildFile; fileRef = D8521FD22BCEDDE300C1D8FB /* Preview Assets.xcassets */; };
		D8521FDB2BCEDE7900C1D8FB /* GPersistanceManager.swift in Sources */ = {isa = PBXBuildFile; fileRef = D8521FDA2BCEDE7900C1D8FB /* GPersistanceManager.swift */; };
		D8521FDD2BCEDE8500C1D8FB /* GWindowManager.swift in Sources */ = {isa = PBXBuildFile; fileRef = D8521FDC2BCEDE8500C1D8FB /* GWindowManager.swift */; };
		D8521FDF2BCEDE9800C1D8FB /* GMainSubviews.swift in Sources */ = {isa = PBXBuildFile; fileRef = D8521FDE2BCEDE9800C1D8FB /* GMainSubviews.swift */; };
		D8521FE12BCEDEA400C1D8FB /* GOnboardingController.swift in Sources */ = {isa = PBXBuildFile; fileRef = D8521FE02BCEDEA400C1D8FB /* GOnboardingController.swift */; };
		D8521FF32BCEE32800C1D8FB /* GProcessManager.swift in Sources */ = {isa = PBXBuildFile; fileRef = D8521FF22BCEE32800C1D8FB /* GProcessManager.swift */; };
		D8521FF62BCEE4D700C1D8FB /* GProcessModel.swift in Sources */ = {isa = PBXBuildFile; fileRef = D8521FF52BCEE4D700C1D8FB /* GProcessModel.swift */; };
		D8521FFB2BCF06DC00C1D8FB /* Info.plist in Resources */ = {isa = PBXBuildFile; fileRef = D8521FEF2BCEE21400C1D8FB /* Info.plist */; };
		D85220062BCF6B9B00C1D8FB /* main.swift in Sources */ = {isa = PBXBuildFile; fileRef = D85220052BCF6B9B00C1D8FB /* main.swift */; };
		D852200A2BCF6BBF00C1D8FB /* GHelperManager.swift in Sources */ = {isa = PBXBuildFile; fileRef = D8521FF02BCEE2A700C1D8FB /* GHelperManager.swift */; };
		D852200C2BCF6C6900C1D8FB /* com.ovatar.gnome.brain in CopyFiles */ = {isa = PBXBuildFile; fileRef = D85220032BCF6B9A00C1D8FB /* com.ovatar.gnome.brain */; settings = {ATTRIBUTES = (CodeSignOnCopy, ); }; };
		D852200D2BCF6CE000C1D8FB /* GHelperManager.swift in Sources */ = {isa = PBXBuildFile; fileRef = D8521FF02BCEE2A700C1D8FB /* GHelperManager.swift */; };
		D85220112BD0227F00C1D8FB /* GProcessModel.swift in Sources */ = {isa = PBXBuildFile; fileRef = D8521FF52BCEE4D700C1D8FB /* GProcessModel.swift */; };
		D85220132BD0295700C1D8FB /* GHelperModel.swift in Sources */ = {isa = PBXBuildFile; fileRef = D85220122BD0295700C1D8FB /* GHelperModel.swift */; };
		D85220142BD0296700C1D8FB /* GHelperModel.swift in Sources */ = {isa = PBXBuildFile; fileRef = D85220122BD0295700C1D8FB /* GHelperModel.swift */; };
		D895EFFF2BD1BA0E0068C6D5 /* GTaskManager.swift in Sources */ = {isa = PBXBuildFile; fileRef = D895EFFE2BD1BA0E0068C6D5 /* GTaskManager.swift */; };
		D895F0062BD2C4740068C6D5 /* GExtensions.swift in Sources */ = {isa = PBXBuildFile; fileRef = D895F0052BD2C4740068C6D5 /* GExtensions.swift */; };
		D895F0082BD2C4D30068C6D5 /* GTaskModel.swift in Sources */ = {isa = PBXBuildFile; fileRef = D895F0072BD2C4D30068C6D5 /* GTaskModel.swift */; };
		D895F00A2BD327220068C6D5 /* GSettingsManager.swift in Sources */ = {isa = PBXBuildFile; fileRef = D895F0092BD327220068C6D5 /* GSettingsManager.swift */; };
		D895F00C2BD36E010068C6D5 /* GAppModel.swift in Sources */ = {isa = PBXBuildFile; fileRef = D895F00B2BD36E010068C6D5 /* GAppModel.swift */; };
		D895F00F2BD372AD0068C6D5 /* LaunchAtLogin in Frameworks */ = {isa = PBXBuildFile; productRef = D895F00E2BD372AD0068C6D5 /* LaunchAtLogin */; };
		D895F0142BD373EC0068C6D5 /* complete.wav in Resources */ = {isa = PBXBuildFile; fileRef = D895F0112BD373EB0068C6D5 /* complete.wav */; };
		D895F0152BD373EC0068C6D5 /* error.wav in Resources */ = {isa = PBXBuildFile; fileRef = D895F0122BD373EB0068C6D5 /* error.wav */; };
		D895F0162BD373EC0068C6D5 /* reveal.wav in Resources */ = {isa = PBXBuildFile; fileRef = D895F0132BD373EC0068C6D5 /* reveal.wav */; };
		D895F0192BD376210068C6D5 /* GWindowModel.swift in Sources */ = {isa = PBXBuildFile; fileRef = D895F0182BD376210068C6D5 /* GWindowModel.swift */; };
		D895F01B2BD379C80068C6D5 /* GOnboardingManager.swift in Sources */ = {isa = PBXBuildFile; fileRef = D895F01A2BD379C80068C6D5 /* GOnboardingManager.swift */; };
		D895F01D2BD37C310068C6D5 /* GSettingsModel.swift in Sources */ = {isa = PBXBuildFile; fileRef = D895F01C2BD37C310068C6D5 /* GSettingsModel.swift */; };
		D895F01F2BD37E010068C6D5 /* GMainController.swift in Sources */ = {isa = PBXBuildFile; fileRef = D895F01E2BD37E010068C6D5 /* GMainController.swift */; };
		D895F0212BD37EBC0068C6D5 /* GPreferencesController.swift in Sources */ = {isa = PBXBuildFile; fileRef = D895F0202BD37EBC0068C6D5 /* GPreferencesController.swift */; };
		D895F0272BD6D7140068C6D5 /* names.json in Resources */ = {isa = PBXBuildFile; fileRef = D895F0262BD6D7140068C6D5 /* names.json */; };
		D895F02A2BD6E60D0068C6D5 /* Localizable.xcstrings in Resources */ = {isa = PBXBuildFile; fileRef = D895F0292BD6E60D0068C6D5 /* Localizable.xcstrings */; };
		D895F02C2BD7059A0068C6D5 /* GModifyers.swift in Sources */ = {isa = PBXBuildFile; fileRef = D895F02B2BD7059A0068C6D5 /* GModifyers.swift */; };
		D895F02E2BD706BB0068C6D5 /* GTaskSubviews.swift in Sources */ = {isa = PBXBuildFile; fileRef = D895F02D2BD706BB0068C6D5 /* GTaskSubviews.swift */; };
		D895F0312BD71DCC0068C6D5 /* CryptoSwift in Frameworks */ = {isa = PBXBuildFile; productRef = D895F0302BD71DCC0068C6D5 /* CryptoSwift */; };
		D895F0352BD71DF30068C6D5 /* Sparkle in Frameworks */ = {isa = PBXBuildFile; productRef = D895F0342BD71DF30068C6D5 /* Sparkle */; };
		D895F0382BD71E080068C6D5 /* DynamicColor in Frameworks */ = {isa = PBXBuildFile; productRef = D895F0372BD71E080068C6D5 /* DynamicColor */; };
/* End PBXBuildFile section */

/* Begin PBXCopyFilesBuildPhase section */
		D8521FF72BCEE5C400C1D8FB /* CopyFiles */ = {
			isa = PBXCopyFilesBuildPhase;
			buildActionMask = 2147483647;
			dstPath = Contents/Library/LaunchServices;
			dstSubfolderSpec = 1;
			files = (
				D852200C2BCF6C6900C1D8FB /* com.ovatar.gnome.brain in CopyFiles */,
			);
			runOnlyForDeploymentPostprocessing = 0;
		};
		D85220012BCF6B9A00C1D8FB /* CopyFiles */ = {
			isa = PBXCopyFilesBuildPhase;
			buildActionMask = 2147483647;
			dstPath = /usr/share/man/man1/;
			dstSubfolderSpec = 0;
			files = (
			);
			runOnlyForDeploymentPostprocessing = 1;
		};
/* End PBXCopyFilesBuildPhase section */

/* Begin PBXFileReference section */
		D8022E192BE0931D00906C74 /* GOnboardingModel.swift */ = {isa = PBXFileReference; lastKnownFileType = sourcecode.swift; path = GOnboardingModel.swift; sourceTree = "<group>"; };
		D8022E1C2BE0981D00906C74 /* OReporterController.swift */ = {isa = PBXFileReference; lastKnownFileType = sourcecode.swift; path = OReporterController.swift; sourceTree = "<group>"; };
		D828E9952BE0277C00D06830 /* GLicenseManager.swift */ = {isa = PBXFileReference; lastKnownFileType = sourcecode.swift; path = GLicenseManager.swift; sourceTree = "<group>"; };
		D8521FC82BCEDDDA00C1D8FB /* Gnome.app */ = {isa = PBXFileReference; explicitFileType = wrapper.application; includeInIndex = 0; path = Gnome.app; sourceTree = BUILT_PRODUCTS_DIR; };
		D8521FCB2BCEDDDB00C1D8FB /* GnomeApp.swift */ = {isa = PBXFileReference; lastKnownFileType = sourcecode.swift; path = GnomeApp.swift; sourceTree = "<group>"; };
		D8521FCD2BCEDDDB00C1D8FB /* ContentView.swift */ = {isa = PBXFileReference; lastKnownFileType = sourcecode.swift; path = ContentView.swift; sourceTree = "<group>"; };
		D8521FCF2BCEDDE300C1D8FB /* Assets.xcassets */ = {isa = PBXFileReference; lastKnownFileType = folder.assetcatalog; path = Assets.xcassets; sourceTree = "<group>"; };
		D8521FD22BCEDDE300C1D8FB /* Preview Assets.xcassets */ = {isa = PBXFileReference; lastKnownFileType = folder.assetcatalog; path = "Preview Assets.xcassets"; sourceTree = "<group>"; };
		D8521FD42BCEDDE300C1D8FB /* Gnome.entitlements */ = {isa = PBXFileReference; lastKnownFileType = text.plist.entitlements; path = Gnome.entitlements; sourceTree = "<group>"; };
		D8521FDA2BCEDE7900C1D8FB /* GPersistanceManager.swift */ = {isa = PBXFileReference; lastKnownFileType = sourcecode.swift; path = GPersistanceManager.swift; sourceTree = "<group>"; };
		D8521FDC2BCEDE8500C1D8FB /* GWindowManager.swift */ = {isa = PBXFileReference; lastKnownFileType = sourcecode.swift; path = GWindowManager.swift; sourceTree = "<group>"; };
		D8521FDE2BCEDE9800C1D8FB /* GMainSubviews.swift */ = {isa = PBXFileReference; lastKnownFileType = sourcecode.swift; path = GMainSubviews.swift; sourceTree = "<group>"; };
		D8521FE02BCEDEA400C1D8FB /* GOnboardingController.swift */ = {isa = PBXFileReference; lastKnownFileType = sourcecode.swift; path = GOnboardingController.swift; sourceTree = "<group>"; };
		D8521FEE2BCEE1D500C1D8FB /* launchd.plist */ = {isa = PBXFileReference; lastKnownFileType = text.plist.xml; path = launchd.plist; sourceTree = "<group>"; };
		D8521FEF2BCEE21400C1D8FB /* Info.plist */ = {isa = PBXFileReference; lastKnownFileType = text.plist; path = Info.plist; sourceTree = "<group>"; };
		D8521FF02BCEE2A700C1D8FB /* GHelperManager.swift */ = {isa = PBXFileReference; lastKnownFileType = sourcecode.swift; path = GHelperManager.swift; sourceTree = "<group>"; };
		D8521FF22BCEE32800C1D8FB /* GProcessManager.swift */ = {isa = PBXFileReference; lastKnownFileType = sourcecode.swift; path = GProcessManager.swift; sourceTree = "<group>"; };
		D8521FF52BCEE4D700C1D8FB /* GProcessModel.swift */ = {isa = PBXFileReference; lastKnownFileType = sourcecode.swift; path = GProcessModel.swift; sourceTree = "<group>"; };
		D85220032BCF6B9A00C1D8FB /* com.ovatar.gnome.brain */ = {isa = PBXFileReference; explicitFileType = "compiled.mach-o.executable"; includeInIndex = 0; path = com.ovatar.gnome.brain; sourceTree = BUILT_PRODUCTS_DIR; };
		D85220052BCF6B9B00C1D8FB /* main.swift */ = {isa = PBXFileReference; lastKnownFileType = sourcecode.swift; path = main.swift; sourceTree = "<group>"; };
		D852200B2BCF6BE000C1D8FB /* info.plist */ = {isa = PBXFileReference; lastKnownFileType = text.plist.xml; path = info.plist; sourceTree = "<group>"; };
		D85220122BD0295700C1D8FB /* GHelperModel.swift */ = {isa = PBXFileReference; lastKnownFileType = sourcecode.swift; path = GHelperModel.swift; sourceTree = "<group>"; };
		D895EFFE2BD1BA0E0068C6D5 /* GTaskManager.swift */ = {isa = PBXFileReference; lastKnownFileType = sourcecode.swift; path = GTaskManager.swift; sourceTree = "<group>"; };
		D895F0052BD2C4740068C6D5 /* GExtensions.swift */ = {isa = PBXFileReference; lastKnownFileType = sourcecode.swift; path = GExtensions.swift; sourceTree = "<group>"; };
		D895F0072BD2C4D30068C6D5 /* GTaskModel.swift */ = {isa = PBXFileReference; lastKnownFileType = sourcecode.swift; path = GTaskModel.swift; sourceTree = "<group>"; };
		D895F0092BD327220068C6D5 /* GSettingsManager.swift */ = {isa = PBXFileReference; lastKnownFileType = sourcecode.swift; path = GSettingsManager.swift; sourceTree = "<group>"; };
		D895F00B2BD36E010068C6D5 /* GAppModel.swift */ = {isa = PBXFileReference; lastKnownFileType = sourcecode.swift; path = GAppModel.swift; sourceTree = "<group>"; };
		D895F0112BD373EB0068C6D5 /* complete.wav */ = {isa = PBXFileReference; lastKnownFileType = audio.wav; path = complete.wav; sourceTree = "<group>"; };
		D895F0122BD373EB0068C6D5 /* error.wav */ = {isa = PBXFileReference; lastKnownFileType = audio.wav; path = error.wav; sourceTree = "<group>"; };
		D895F0132BD373EC0068C6D5 /* reveal.wav */ = {isa = PBXFileReference; lastKnownFileType = audio.wav; path = reveal.wav; sourceTree = "<group>"; };
		D895F0182BD376210068C6D5 /* GWindowModel.swift */ = {isa = PBXFileReference; lastKnownFileType = sourcecode.swift; path = GWindowModel.swift; sourceTree = "<group>"; };
		D895F01A2BD379C80068C6D5 /* GOnboardingManager.swift */ = {isa = PBXFileReference; lastKnownFileType = sourcecode.swift; path = GOnboardingManager.swift; sourceTree = "<group>"; };
		D895F01C2BD37C310068C6D5 /* GSettingsModel.swift */ = {isa = PBXFileReference; lastKnownFileType = sourcecode.swift; path = GSettingsModel.swift; sourceTree = "<group>"; };
		D895F01E2BD37E010068C6D5 /* GMainController.swift */ = {isa = PBXFileReference; lastKnownFileType = sourcecode.swift; path = GMainController.swift; sourceTree = "<group>"; };
		D895F0202BD37EBC0068C6D5 /* GPreferencesController.swift */ = {isa = PBXFileReference; lastKnownFileType = sourcecode.swift; path = GPreferencesController.swift; sourceTree = "<group>"; };
		D895F0262BD6D7140068C6D5 /* names.json */ = {isa = PBXFileReference; fileEncoding = 4; lastKnownFileType = text.json; path = names.json; sourceTree = "<group>"; };
		D895F0292BD6E60D0068C6D5 /* Localizable.xcstrings */ = {isa = PBXFileReference; lastKnownFileType = text.json.xcstrings; path = Localizable.xcstrings; sourceTree = "<group>"; };
		D895F02B2BD7059A0068C6D5 /* GModifyers.swift */ = {isa = PBXFileReference; lastKnownFileType = sourcecode.swift; path = GModifyers.swift; sourceTree = "<group>"; };
		D895F02D2BD706BB0068C6D5 /* GTaskSubviews.swift */ = {isa = PBXFileReference; lastKnownFileType = sourcecode.swift; path = GTaskSubviews.swift; sourceTree = "<group>"; };
/* End PBXFileReference section */

/* Begin PBXFrameworksBuildPhase section */
		D8521FC52BCEDDDA00C1D8FB /* Frameworks */ = {
			isa = PBXFrameworksBuildPhase;
			buildActionMask = 2147483647;
			files = (
				D895F0382BD71E080068C6D5 /* DynamicColor in Frameworks */,
				D895F0352BD71DF30068C6D5 /* Sparkle in Frameworks */,
				D895F00F2BD372AD0068C6D5 /* LaunchAtLogin in Frameworks */,
				D895F0312BD71DCC0068C6D5 /* CryptoSwift in Frameworks */,
			);
			runOnlyForDeploymentPostprocessing = 0;
		};
		D85220002BCF6B9A00C1D8FB /* Frameworks */ = {
			isa = PBXFrameworksBuildPhase;
			buildActionMask = 2147483647;
			files = (
			);
			runOnlyForDeploymentPostprocessing = 0;
		};
/* End PBXFrameworksBuildPhase section */

/* Begin PBXGroup section */
		D8022E1B2BE0980200906C74 /* Reporter */ = {
			isa = PBXGroup;
			children = (
				D8022E1C2BE0981D00906C74 /* OReporterController.swift */,
			);
			path = Reporter;
			sourceTree = "<group>";
		};
		D828E9972BE0617700D06830 /* Onboarding */ = {
			isa = PBXGroup;
			children = (
				D8521FE02BCEDEA400C1D8FB /* GOnboardingController.swift */,
			);
			path = Onboarding;
			sourceTree = "<group>";
		};
		D8521FBF2BCEDDDA00C1D8FB = {
			isa = PBXGroup;
			children = (
				D8521FCA2BCEDDDA00C1D8FB /* Gnome */,
				D85220042BCF6B9B00C1D8FB /* com.ovatar.gnome.brain */,
				D8521FC92BCEDDDA00C1D8FB /* Products */,
			);
			sourceTree = "<group>";
		};
		D8521FC92BCEDDDA00C1D8FB /* Products */ = {
			isa = PBXGroup;
			children = (
				D8521FC82BCEDDDA00C1D8FB /* Gnome.app */,
				D85220032BCF6B9A00C1D8FB /* com.ovatar.gnome.brain */,
			);
			name = Products;
			sourceTree = "<group>";
		};
		D8521FCA2BCEDDDA00C1D8FB /* Gnome */ = {
			isa = PBXGroup;
			children = (
				D8521FEF2BCEE21400C1D8FB /* Info.plist */,
				D895F0102BD373B40068C6D5 /* Resources */,
				D8521FCB2BCEDDDB00C1D8FB /* GnomeApp.swift */,
				D8521FCD2BCEDDDB00C1D8FB /* ContentView.swift */,
				D895F02B2BD7059A0068C6D5 /* GModifyers.swift */,
				D895F0052BD2C4740068C6D5 /* GExtensions.swift */,
				D895F0002BD22B5C0068C6D5 /* Models */,
				D895F0012BD22B680068C6D5 /* Managers */,
				D895F0222BD4A5870068C6D5 /* UI */,
				D8521FD42BCEDDE300C1D8FB /* Gnome.entitlements */,
				D8521FD12BCEDDE300C1D8FB /* Preview Content */,
			);
			path = Gnome;
			sourceTree = "<group>";
		};
		D8521FD12BCEDDE300C1D8FB /* Preview Content */ = {
			isa = PBXGroup;
			children = (
				D8521FD22BCEDDE300C1D8FB /* Preview Assets.xcassets */,
			);
			path = "Preview Content";
			sourceTree = "<group>";
		};
		D85220042BCF6B9B00C1D8FB /* com.ovatar.gnome.brain */ = {
			isa = PBXGroup;
			children = (
				D85220052BCF6B9B00C1D8FB /* main.swift */,
				D8521FF02BCEE2A700C1D8FB /* GHelperManager.swift */,
				D85220122BD0295700C1D8FB /* GHelperModel.swift */,
				D852200B2BCF6BE000C1D8FB /* info.plist */,
				D8521FEE2BCEE1D500C1D8FB /* launchd.plist */,
			);
			path = com.ovatar.gnome.brain;
			sourceTree = "<group>";
		};
		D895F0002BD22B5C0068C6D5 /* Models */ = {
			isa = PBXGroup;
			children = (
				D8521FF52BCEE4D700C1D8FB /* GProcessModel.swift */,
				D895F0072BD2C4D30068C6D5 /* GTaskModel.swift */,
				D895F00B2BD36E010068C6D5 /* GAppModel.swift */,
				D895F0182BD376210068C6D5 /* GWindowModel.swift */,
				D895F01C2BD37C310068C6D5 /* GSettingsModel.swift */,
				D8022E192BE0931D00906C74 /* GOnboardingModel.swift */,
			);
			path = Models;
			sourceTree = "<group>";
		};
		D895F0012BD22B680068C6D5 /* Managers */ = {
			isa = PBXGroup;
			children = (
				D8521FDA2BCEDE7900C1D8FB /* GPersistanceManager.swift */,
				D8521FDC2BCEDE8500C1D8FB /* GWindowManager.swift */,
				D8521FF22BCEE32800C1D8FB /* GProcessManager.swift */,
				D895EFFE2BD1BA0E0068C6D5 /* GTaskManager.swift */,
				D895F0092BD327220068C6D5 /* GSettingsManager.swift */,
				D895F01A2BD379C80068C6D5 /* GOnboardingManager.swift */,
				D828E9952BE0277C00D06830 /* GLicenseManager.swift */,
			);
			path = Managers;
			sourceTree = "<group>";
		};
		D895F0102BD373B40068C6D5 /* Resources */ = {
			isa = PBXGroup;
			children = (
				D895F0282BD6E5F70068C6D5 /* Language */,
				D8521FCF2BCEDDE300C1D8FB /* Assets.xcassets */,
				D895F0252BD6D6F60068C6D5 /* Dataset */,
				D895F0172BD373FB0068C6D5 /* SFX */,
			);
			path = Resources;
			sourceTree = "<group>";
		};
		D895F0172BD373FB0068C6D5 /* SFX */ = {
			isa = PBXGroup;
			children = (
				D895F0112BD373EB0068C6D5 /* complete.wav */,
				D895F0122BD373EB0068C6D5 /* error.wav */,
				D895F0132BD373EC0068C6D5 /* reveal.wav */,
			);
			path = SFX;
			sourceTree = "<group>";
		};
		D895F0222BD4A5870068C6D5 /* UI */ = {
			isa = PBXGroup;
			children = (
				D8022E1B2BE0980200906C74 /* Reporter */,
				D828E9972BE0617700D06830 /* Onboarding */,
				D895F0242BD4A5A90068C6D5 /* Preferences */,
				D895F0232BD4A5A00068C6D5 /* Main */,
			);
			path = UI;
			sourceTree = "<group>";
		};
		D895F0232BD4A5A00068C6D5 /* Main */ = {
			isa = PBXGroup;
			children = (
				D8521FDE2BCEDE9800C1D8FB /* GMainSubviews.swift */,
				D895F02D2BD706BB0068C6D5 /* GTaskSubviews.swift */,
				D895F01E2BD37E010068C6D5 /* GMainController.swift */,
			);
			path = Main;
			sourceTree = "<group>";
		};
		D895F0242BD4A5A90068C6D5 /* Preferences */ = {
			isa = PBXGroup;
			children = (
				D895F0202BD37EBC0068C6D5 /* GPreferencesController.swift */,
			);
			path = Preferences;
			sourceTree = "<group>";
		};
		D895F0252BD6D6F60068C6D5 /* Dataset */ = {
			isa = PBXGroup;
			children = (
				D895F0262BD6D7140068C6D5 /* names.json */,
			);
			path = Dataset;
			sourceTree = "<group>";
		};
		D895F0282BD6E5F70068C6D5 /* Language */ = {
			isa = PBXGroup;
			children = (
				D895F0292BD6E60D0068C6D5 /* Localizable.xcstrings */,
			);
			path = Language;
			sourceTree = "<group>";
		};
/* End PBXGroup section */

/* Begin PBXNativeTarget section */
		D8521FC72BCEDDDA00C1D8FB /* Gnome */ = {
			isa = PBXNativeTarget;
			buildConfigurationList = D8521FD72BCEDDE300C1D8FB /* Build configuration list for PBXNativeTarget "Gnome" */;
			buildPhases = (
				D8521FC42BCEDDDA00C1D8FB /* Sources */,
				D8521FC52BCEDDDA00C1D8FB /* Frameworks */,
				D8521FC62BCEDDDA00C1D8FB /* Resources */,
				D8521FF72BCEE5C400C1D8FB /* CopyFiles */,
			);
			buildRules = (
			);
			dependencies = (
			);
			name = Gnome;
			packageProductDependencies = (
				D895F00E2BD372AD0068C6D5 /* LaunchAtLogin */,
				D895F0302BD71DCC0068C6D5 /* CryptoSwift */,
				D895F0342BD71DF30068C6D5 /* Sparkle */,
				D895F0372BD71E080068C6D5 /* DynamicColor */,
			);
			productName = Gnome;
			productReference = D8521FC82BCEDDDA00C1D8FB /* Gnome.app */;
			productType = "com.apple.product-type.application";
		};
		D85220022BCF6B9A00C1D8FB /* com.ovatar.gnome.brain */ = {
			isa = PBXNativeTarget;
			buildConfigurationList = D85220072BCF6B9B00C1D8FB /* Build configuration list for PBXNativeTarget "com.ovatar.gnome.brain" */;
			buildPhases = (
				D8521FFF2BCF6B9A00C1D8FB /* Sources */,
				D85220002BCF6B9A00C1D8FB /* Frameworks */,
				D85220012BCF6B9A00C1D8FB /* CopyFiles */,
			);
			buildRules = (
			);
			dependencies = (
			);
			name = com.ovatar.gnome.brain;
			productName = com.ovatar.gnome.brain;
			productReference = D85220032BCF6B9A00C1D8FB /* com.ovatar.gnome.brain */;
			productType = "com.apple.product-type.tool";
		};
/* End PBXNativeTarget section */

/* Begin PBXProject section */
		D8521FC02BCEDDDA00C1D8FB /* Project object */ = {
			isa = PBXProject;
			attributes = {
				BuildIndependentTargetsInParallel = 1;
				LastSwiftUpdateCheck = 1500;
				LastUpgradeCheck = 1500;
				TargetAttributes = {
					D8521FC72BCEDDDA00C1D8FB = {
						CreatedOnToolsVersion = 15.0.1;
					};
					D85220022BCF6B9A00C1D8FB = {
						CreatedOnToolsVersion = 15.0.1;
					};
				};
			};
			buildConfigurationList = D8521FC32BCEDDDA00C1D8FB /* Build configuration list for PBXProject "Gnome" */;
			compatibilityVersion = "Xcode 14.0";
			developmentRegion = en;
			hasScannedForEncodings = 0;
			knownRegions = (
				en,
				Base,
			);
			mainGroup = D8521FBF2BCEDDDA00C1D8FB;
			packageReferences = (
				D895F00D2BD372AD0068C6D5 /* XCRemoteSwiftPackageReference "LaunchAtLogin-Modern" */,
				D895F02F2BD71DCC0068C6D5 /* XCRemoteSwiftPackageReference "CryptoSwift" */,
				D895F0322BD71DDB0068C6D5 /* XCRemoteSwiftPackageReference "KeyboardShortcuts" */,
				D895F0332BD71DF30068C6D5 /* XCRemoteSwiftPackageReference "Sparkle" */,
				D895F0362BD71E080068C6D5 /* XCRemoteSwiftPackageReference "DynamicColor" */,
			);
			productRefGroup = D8521FC92BCEDDDA00C1D8FB /* Products */;
			projectDirPath = "";
			projectRoot = "";
			targets = (
				D8521FC72BCEDDDA00C1D8FB /* Gnome */,
				D85220022BCF6B9A00C1D8FB /* com.ovatar.gnome.brain */,
			);
		};
/* End PBXProject section */

/* Begin PBXResourcesBuildPhase section */
		D8521FC62BCEDDDA00C1D8FB /* Resources */ = {
			isa = PBXResourcesBuildPhase;
			buildActionMask = 2147483647;
			files = (
				D8521FD32BCEDDE300C1D8FB /* Preview Assets.xcassets in Resources */,
				D895F0142BD373EC0068C6D5 /* complete.wav in Resources */,
				D895F02A2BD6E60D0068C6D5 /* Localizable.xcstrings in Resources */,
				D895F0152BD373EC0068C6D5 /* error.wav in Resources */,
				D895F0272BD6D7140068C6D5 /* names.json in Resources */,
				D895F0162BD373EC0068C6D5 /* reveal.wav in Resources */,
				D8521FD02BCEDDE300C1D8FB /* Assets.xcassets in Resources */,
				D8521FFB2BCF06DC00C1D8FB /* Info.plist in Resources */,
			);
			runOnlyForDeploymentPostprocessing = 0;
		};
/* End PBXResourcesBuildPhase section */

/* Begin PBXSourcesBuildPhase section */
		D8521FC42BCEDDDA00C1D8FB /* Sources */ = {
			isa = PBXSourcesBuildPhase;
			buildActionMask = 2147483647;
			files = (
				D895F0212BD37EBC0068C6D5 /* GPreferencesController.swift in Sources */,
				D895F01D2BD37C310068C6D5 /* GSettingsModel.swift in Sources */,
				D8521FDB2BCEDE7900C1D8FB /* GPersistanceManager.swift in Sources */,
				D8521FDD2BCEDE8500C1D8FB /* GWindowManager.swift in Sources */,
				D852200D2BCF6CE000C1D8FB /* GHelperManager.swift in Sources */,
				D895F00C2BD36E010068C6D5 /* GAppModel.swift in Sources */,
				D828E9962BE0277C00D06830 /* GLicenseManager.swift in Sources */,
				D8521FE12BCEDEA400C1D8FB /* GOnboardingController.swift in Sources */,
				D895F00A2BD327220068C6D5 /* GSettingsManager.swift in Sources */,
				D895F01F2BD37E010068C6D5 /* GMainController.swift in Sources */,
				D8521FDF2BCEDE9800C1D8FB /* GMainSubviews.swift in Sources */,
				D85220142BD0296700C1D8FB /* GHelperModel.swift in Sources */,
				D895EFFF2BD1BA0E0068C6D5 /* GTaskManager.swift in Sources */,
				D8521FCE2BCEDDDB00C1D8FB /* ContentView.swift in Sources */,
				D8521FF62BCEE4D700C1D8FB /* GProcessModel.swift in Sources */,
				D8521FCC2BCEDDDB00C1D8FB /* GnomeApp.swift in Sources */,
				D895F01B2BD379C80068C6D5 /* GOnboardingManager.swift in Sources */,
				D895F02E2BD706BB0068C6D5 /* GTaskSubviews.swift in Sources */,
				D8022E1D2BE0981D00906C74 /* OReporterController.swift in Sources */,
				D8521FF32BCEE32800C1D8FB /* GProcessManager.swift in Sources */,
				D895F0192BD376210068C6D5 /* GWindowModel.swift in Sources */,
				D8022E1A2BE0931D00906C74 /* GOnboardingModel.swift in Sources */,
				D895F0062BD2C4740068C6D5 /* GExtensions.swift in Sources */,
				D895F0082BD2C4D30068C6D5 /* GTaskModel.swift in Sources */,
				D895F02C2BD7059A0068C6D5 /* GModifyers.swift in Sources */,
			);
			runOnlyForDeploymentPostprocessing = 0;
		};
		D8521FFF2BCF6B9A00C1D8FB /* Sources */ = {
			isa = PBXSourcesBuildPhase;
			buildActionMask = 2147483647;
			files = (
				D85220062BCF6B9B00C1D8FB /* main.swift in Sources */,
				D85220132BD0295700C1D8FB /* GHelperModel.swift in Sources */,
				D85220112BD0227F00C1D8FB /* GProcessModel.swift in Sources */,
				D852200A2BCF6BBF00C1D8FB /* GHelperManager.swift in Sources */,
			);
			runOnlyForDeploymentPostprocessing = 0;
		};
/* End PBXSourcesBuildPhase section */

/* Begin XCBuildConfiguration section */
		D8521FD52BCEDDE300C1D8FB /* Debug */ = {
			isa = XCBuildConfiguration;
			buildSettings = {
				ALWAYS_SEARCH_USER_PATHS = NO;
				ASSETCATALOG_COMPILER_GENERATE_SWIFT_ASSET_SYMBOL_EXTENSIONS = YES;
				CLANG_ANALYZER_NONNULL = YES;
				CLANG_ANALYZER_NUMBER_OBJECT_CONVERSION = YES_AGGRESSIVE;
				CLANG_CXX_LANGUAGE_STANDARD = "gnu++20";
				CLANG_ENABLE_MODULES = YES;
				CLANG_ENABLE_OBJC_ARC = YES;
				CLANG_ENABLE_OBJC_WEAK = YES;
				CLANG_WARN_BLOCK_CAPTURE_AUTORELEASING = YES;
				CLANG_WARN_BOOL_CONVERSION = YES;
				CLANG_WARN_COMMA = YES;
				CLANG_WARN_CONSTANT_CONVERSION = YES;
				CLANG_WARN_DEPRECATED_OBJC_IMPLEMENTATIONS = YES;
				CLANG_WARN_DIRECT_OBJC_ISA_USAGE = YES_ERROR;
				CLANG_WARN_DOCUMENTATION_COMMENTS = YES;
				CLANG_WARN_EMPTY_BODY = YES;
				CLANG_WARN_ENUM_CONVERSION = YES;
				CLANG_WARN_INFINITE_RECURSION = YES;
				CLANG_WARN_INT_CONVERSION = YES;
				CLANG_WARN_NON_LITERAL_NULL_CONVERSION = YES;
				CLANG_WARN_OBJC_IMPLICIT_RETAIN_SELF = YES;
				CLANG_WARN_OBJC_LITERAL_CONVERSION = YES;
				CLANG_WARN_OBJC_ROOT_CLASS = YES_ERROR;
				CLANG_WARN_QUOTED_INCLUDE_IN_FRAMEWORK_HEADER = YES;
				CLANG_WARN_RANGE_LOOP_ANALYSIS = YES;
				CLANG_WARN_STRICT_PROTOTYPES = YES;
				CLANG_WARN_SUSPICIOUS_MOVE = YES;
				CLANG_WARN_UNGUARDED_AVAILABILITY = YES_AGGRESSIVE;
				CLANG_WARN_UNREACHABLE_CODE = YES;
				CLANG_WARN__DUPLICATE_METHOD_MATCH = YES;
				COPY_PHASE_STRIP = NO;
				DEBUG_INFORMATION_FORMAT = dwarf;
				ENABLE_STRICT_OBJC_MSGSEND = YES;
				ENABLE_TESTABILITY = YES;
				ENABLE_USER_SCRIPT_SANDBOXING = YES;
				GCC_C_LANGUAGE_STANDARD = gnu17;
				GCC_DYNAMIC_NO_PIC = NO;
				GCC_NO_COMMON_BLOCKS = YES;
				GCC_OPTIMIZATION_LEVEL = 0;
				GCC_PREPROCESSOR_DEFINITIONS = (
					"DEBUG=1",
					"$(inherited)",
				);
				GCC_WARN_64_TO_32_BIT_CONVERSION = YES;
				GCC_WARN_ABOUT_RETURN_TYPE = YES_ERROR;
				GCC_WARN_UNDECLARED_SELECTOR = YES;
				GCC_WARN_UNINITIALIZED_AUTOS = YES_AGGRESSIVE;
				GCC_WARN_UNUSED_FUNCTION = YES;
				GCC_WARN_UNUSED_VARIABLE = YES;
				LOCALIZATION_PREFERS_STRING_CATALOGS = YES;
				MACOSX_DEPLOYMENT_TARGET = 14.0;
				MTL_ENABLE_DEBUG_INFO = INCLUDE_SOURCE;
				MTL_FAST_MATH = YES;
				ONLY_ACTIVE_ARCH = YES;
				SDKROOT = macosx;
				SWIFT_ACTIVE_COMPILATION_CONDITIONS = "DEBUG $(inherited)";
				SWIFT_OPTIMIZATION_LEVEL = "-Onone";
			};
			name = Debug;
		};
		D8521FD62BCEDDE300C1D8FB /* Release */ = {
			isa = XCBuildConfiguration;
			buildSettings = {
				ALWAYS_SEARCH_USER_PATHS = NO;
				ASSETCATALOG_COMPILER_GENERATE_SWIFT_ASSET_SYMBOL_EXTENSIONS = YES;
				CLANG_ANALYZER_NONNULL = YES;
				CLANG_ANALYZER_NUMBER_OBJECT_CONVERSION = YES_AGGRESSIVE;
				CLANG_CXX_LANGUAGE_STANDARD = "gnu++20";
				CLANG_ENABLE_MODULES = YES;
				CLANG_ENABLE_OBJC_ARC = YES;
				CLANG_ENABLE_OBJC_WEAK = YES;
				CLANG_WARN_BLOCK_CAPTURE_AUTORELEASING = YES;
				CLANG_WARN_BOOL_CONVERSION = YES;
				CLANG_WARN_COMMA = YES;
				CLANG_WARN_CONSTANT_CONVERSION = YES;
				CLANG_WARN_DEPRECATED_OBJC_IMPLEMENTATIONS = YES;
				CLANG_WARN_DIRECT_OBJC_ISA_USAGE = YES_ERROR;
				CLANG_WARN_DOCUMENTATION_COMMENTS = YES;
				CLANG_WARN_EMPTY_BODY = YES;
				CLANG_WARN_ENUM_CONVERSION = YES;
				CLANG_WARN_INFINITE_RECURSION = YES;
				CLANG_WARN_INT_CONVERSION = YES;
				CLANG_WARN_NON_LITERAL_NULL_CONVERSION = YES;
				CLANG_WARN_OBJC_IMPLICIT_RETAIN_SELF = YES;
				CLANG_WARN_OBJC_LITERAL_CONVERSION = YES;
				CLANG_WARN_OBJC_ROOT_CLASS = YES_ERROR;
				CLANG_WARN_QUOTED_INCLUDE_IN_FRAMEWORK_HEADER = YES;
				CLANG_WARN_RANGE_LOOP_ANALYSIS = YES;
				CLANG_WARN_STRICT_PROTOTYPES = YES;
				CLANG_WARN_SUSPICIOUS_MOVE = YES;
				CLANG_WARN_UNGUARDED_AVAILABILITY = YES_AGGRESSIVE;
				CLANG_WARN_UNREACHABLE_CODE = YES;
				CLANG_WARN__DUPLICATE_METHOD_MATCH = YES;
				COPY_PHASE_STRIP = NO;
				DEBUG_INFORMATION_FORMAT = "dwarf-with-dsym";
				ENABLE_NS_ASSERTIONS = NO;
				ENABLE_STRICT_OBJC_MSGSEND = YES;
				ENABLE_USER_SCRIPT_SANDBOXING = YES;
				GCC_C_LANGUAGE_STANDARD = gnu17;
				GCC_NO_COMMON_BLOCKS = YES;
				GCC_WARN_64_TO_32_BIT_CONVERSION = YES;
				GCC_WARN_ABOUT_RETURN_TYPE = YES_ERROR;
				GCC_WARN_UNDECLARED_SELECTOR = YES;
				GCC_WARN_UNINITIALIZED_AUTOS = YES_AGGRESSIVE;
				GCC_WARN_UNUSED_FUNCTION = YES;
				GCC_WARN_UNUSED_VARIABLE = YES;
				LOCALIZATION_PREFERS_STRING_CATALOGS = YES;
				MACOSX_DEPLOYMENT_TARGET = 14.0;
				MTL_ENABLE_DEBUG_INFO = NO;
				MTL_FAST_MATH = YES;
				SDKROOT = macosx;
				SWIFT_COMPILATION_MODE = wholemodule;
			};
			name = Release;
		};
		D8521FD82BCEDDE300C1D8FB /* Debug */ = {
			isa = XCBuildConfiguration;
			buildSettings = {
				ASSETCATALOG_COMPILER_APPICON_NAME = AppIcon;
				ASSETCATALOG_COMPILER_GLOBAL_ACCENT_COLOR_NAME = AccentColor;
				CODE_SIGN_ENTITLEMENTS = Gnome/Gnome.entitlements;
				CODE_SIGN_STYLE = Automatic;
				COMBINE_HIDPI_IMAGES = YES;
				CURRENT_PROJECT_VERSION = 1;
				DEVELOPMENT_ASSET_PATHS = "\"Gnome/Preview Content\"";
				DEVELOPMENT_TEAM = QYKKXLKZD6;
				ENABLE_HARDENED_RUNTIME = YES;
				ENABLE_PREVIEWS = YES;
				GENERATE_INFOPLIST_FILE = YES;
				INFOPLIST_FILE = Gnome/Info.plist;
				INFOPLIST_KEY_CFBundleDisplayName = Gnome;
				INFOPLIST_KEY_NSHumanReadableCopyright = "";
				LD_RUNPATH_SEARCH_PATHS = (
					"$(inherited)",
					"@executable_path/../Frameworks",
				);
				MACOSX_DEPLOYMENT_TARGET = 14.0;
				MARKETING_VERSION = 1.0;
				OTHER_LDFLAGS = "";
				PRODUCT_BUNDLE_IDENTIFIER = com.ovatar.gnome;
				PRODUCT_NAME = "$(TARGET_NAME)";
				SWIFT_EMIT_LOC_STRINGS = YES;
				SWIFT_VERSION = 5.0;
			};
			name = Debug;
		};
		D8521FD92BCEDDE300C1D8FB /* Release */ = {
			isa = XCBuildConfiguration;
			buildSettings = {
				ASSETCATALOG_COMPILER_APPICON_NAME = AppIcon;
				ASSETCATALOG_COMPILER_GLOBAL_ACCENT_COLOR_NAME = AccentColor;
				CODE_SIGN_ENTITLEMENTS = Gnome/Gnome.entitlements;
				CODE_SIGN_STYLE = Automatic;
				COMBINE_HIDPI_IMAGES = YES;
				CURRENT_PROJECT_VERSION = 1;
				DEVELOPMENT_ASSET_PATHS = "\"Gnome/Preview Content\"";
				DEVELOPMENT_TEAM = QYKKXLKZD6;
				ENABLE_HARDENED_RUNTIME = YES;
				ENABLE_PREVIEWS = YES;
				GENERATE_INFOPLIST_FILE = YES;
				INFOPLIST_FILE = Gnome/Info.plist;
				INFOPLIST_KEY_CFBundleDisplayName = Gnome;
				INFOPLIST_KEY_NSHumanReadableCopyright = "";
				LD_RUNPATH_SEARCH_PATHS = (
					"$(inherited)",
					"@executable_path/../Frameworks",
				);
				MACOSX_DEPLOYMENT_TARGET = 14.0;
				MARKETING_VERSION = 1.0;
				OTHER_LDFLAGS = "";
				PRODUCT_BUNDLE_IDENTIFIER = com.ovatar.gnome;
				PRODUCT_NAME = "$(TARGET_NAME)";
				SWIFT_EMIT_LOC_STRINGS = YES;
				SWIFT_VERSION = 5.0;
			};
			name = Release;
		};
		D85220082BCF6B9B00C1D8FB /* Debug */ = {
			isa = XCBuildConfiguration;
			buildSettings = {
				CODE_SIGN_ENTITLEMENTS = "";
				CODE_SIGN_STYLE = Automatic;
				CREATE_INFOPLIST_SECTION_IN_BINARY = YES;
				DEVELOPMENT_TEAM = QYKKXLKZD6;
				ENABLE_HARDENED_RUNTIME = YES;
				INFOPLIST_FILE = "$(SRCROOT)/$(TARGET_NAME)/info.plist";
				OTHER_LDFLAGS = (
					"-sectcreate",
					__TEXT,
					__launchd_plist,
					"$(SRCROOT)/${TARGET_NAME}/launchd.plist",
				);
				PRODUCT_NAME = "$(TARGET_NAME)";
				SWIFT_VERSION = 5.0;
			};
			name = Debug;
		};
		D85220092BCF6B9B00C1D8FB /* Release */ = {
			isa = XCBuildConfiguration;
			buildSettings = {
				CODE_SIGN_ENTITLEMENTS = "";
				CODE_SIGN_STYLE = Automatic;
				CREATE_INFOPLIST_SECTION_IN_BINARY = YES;
				DEVELOPMENT_TEAM = QYKKXLKZD6;
				ENABLE_HARDENED_RUNTIME = YES;
				INFOPLIST_FILE = "$(SRCROOT)/$(TARGET_NAME)/info.plist";
				OTHER_LDFLAGS = (
					"-sectcreate",
					__TEXT,
					__launchd_plist,
					"$(SRCROOT)/${TARGET_NAME}/launchd.plist",
				);
				PRODUCT_NAME = "$(TARGET_NAME)";
				SWIFT_VERSION = 5.0;
			};
			name = Release;
		};
/* End XCBuildConfiguration section */

/* Begin XCConfigurationList section */
		D8521FC32BCEDDDA00C1D8FB /* Build configuration list for PBXProject "Gnome" */ = {
			isa = XCConfigurationList;
			buildConfigurations = (
				D8521FD52BCEDDE300C1D8FB /* Debug */,
				D8521FD62BCEDDE300C1D8FB /* Release */,
			);
			defaultConfigurationIsVisible = 0;
			defaultConfigurationName = Release;
		};
		D8521FD72BCEDDE300C1D8FB /* Build configuration list for PBXNativeTarget "Gnome" */ = {
			isa = XCConfigurationList;
			buildConfigurations = (
				D8521FD82BCEDDE300C1D8FB /* Debug */,
				D8521FD92BCEDDE300C1D8FB /* Release */,
			);
			defaultConfigurationIsVisible = 0;
			defaultConfigurationName = Release;
		};
		D85220072BCF6B9B00C1D8FB /* Build configuration list for PBXNativeTarget "com.ovatar.gnome.brain" */ = {
			isa = XCConfigurationList;
			buildConfigurations = (
				D85220082BCF6B9B00C1D8FB /* Debug */,
				D85220092BCF6B9B00C1D8FB /* Release */,
			);
			defaultConfigurationIsVisible = 0;
			defaultConfigurationName = Release;
		};
/* End XCConfigurationList section */

/* Begin XCRemoteSwiftPackageReference section */
		D895F00D2BD372AD0068C6D5 /* XCRemoteSwiftPackageReference "LaunchAtLogin-Modern" */ = {
			isa = XCRemoteSwiftPackageReference;
			repositoryURL = "https://github.com/sindresorhus/LaunchAtLogin-Modern";
			requirement = {
				branch = main;
				kind = branch;
			};
		};
		D895F02F2BD71DCC0068C6D5 /* XCRemoteSwiftPackageReference "CryptoSwift" */ = {
			isa = XCRemoteSwiftPackageReference;
			repositoryURL = "https://github.com/krzyzanowskim/CryptoSwift";
			requirement = {
				kind = upToNextMajorVersion;
				minimumVersion = 1.8.2;
			};
		};
		D895F0322BD71DDB0068C6D5 /* XCRemoteSwiftPackageReference "KeyboardShortcuts" */ = {
			isa = XCRemoteSwiftPackageReference;
			repositoryURL = "https://github.com/sindresorhus/KeyboardShortcuts";
			requirement = {
				kind = upToNextMajorVersion;
				minimumVersion = 2.0.0;
			};
		};
		D895F0332BD71DF30068C6D5 /* XCRemoteSwiftPackageReference "Sparkle" */ = {
			isa = XCRemoteSwiftPackageReference;
			repositoryURL = "https://github.com/sparkle-project/Sparkle";
			requirement = {
				kind = upToNextMajorVersion;
				minimumVersion = 2.6.0;
			};
		};
		D895F0362BD71E080068C6D5 /* XCRemoteSwiftPackageReference "DynamicColor" */ = {
			isa = XCRemoteSwiftPackageReference;
			repositoryURL = "https://github.com/yannickl/DynamicColor";
			requirement = {
				kind = upToNextMajorVersion;
				minimumVersion = 5.0.1;
			};
		};
/* End XCRemoteSwiftPackageReference section */

/* Begin XCSwiftPackageProductDependency section */
		D895F00E2BD372AD0068C6D5 /* LaunchAtLogin */ = {
			isa = XCSwiftPackageProductDependency;
			package = D895F00D2BD372AD0068C6D5 /* XCRemoteSwiftPackageReference "LaunchAtLogin-Modern" */;
			productName = LaunchAtLogin;
		};
		D895F0302BD71DCC0068C6D5 /* CryptoSwift */ = {
			isa = XCSwiftPackageProductDependency;
			package = D895F02F2BD71DCC0068C6D5 /* XCRemoteSwiftPackageReference "CryptoSwift" */;
			productName = CryptoSwift;
		};
		D895F0342BD71DF30068C6D5 /* Sparkle */ = {
			isa = XCSwiftPackageProductDependency;
			package = D895F0332BD71DF30068C6D5 /* XCRemoteSwiftPackageReference "Sparkle" */;
			productName = Sparkle;
		};
		D895F0372BD71E080068C6D5 /* DynamicColor */ = {
			isa = XCSwiftPackageProductDependency;
			package = D895F0362BD71E080068C6D5 /* XCRemoteSwiftPackageReference "DynamicColor" */;
			productName = DynamicColor;
		};
/* End XCSwiftPackageProductDependency section */
	};
	rootObject = D8521FC02BCEDDDA00C1D8FB /* Project object */;
}
